
Microsoft Visual Studio Solution File, Format Version 12.00
# Visual Studio Version 16
VisualStudioVersion = 16.0.31019.35
MinimumVisualStudioVersion = 10.0.40219.1
Project("{9A19103F-16F7-4668-BE54-9A1E7A4F7556}") = "HiddenVilla_Server", "HiddenVilla_Server\HiddenVilla_Server.csproj", "{1DEECF10-6DFB-4E63-8EA6-C1DDE132F52F}"
EndProject
Project("{9A19103F-16F7-4668-BE54-9A1E7A4F7556}") = "DataAccess", "DataAccess\DataAccess.csproj", "{7FA4EBE8-6958-4822-BAFC-C8B7DA11D986}"
EndProject
Project("{9A19103F-16F7-4668-BE54-9A1E7A4F7556}") = "Models", "Models\Models.csproj", "{35156AF9-D4F4-4D7B-9A24-E69C2246906C}"
EndProject
Project("{9A19103F-16F7-4668-BE54-9A1E7A4F7556}") = "Bussiness", "Bussiness\Bussiness.csproj", "{7F72C7A7-BB49-457E-A4E2-C7A0C10C506C}"
EndProject
Project("{9A19103F-16F7-4668-BE54-9A1E7A4F7556}") = "Common", "Common\Common.csproj", "{5F048129-D25B-4F10-81F0-89E71BD75EAC}"
EndProject
Global
	GlobalSection(SolutionConfigurationPlatforms) = preSolution
		Debug|Any CPU = Debug|Any CPU
		Release|Any CPU = Release|Any CPU
	EndGlobalSection
	GlobalSection(ProjectConfigurationPlatforms) = postSolution
		{1DEECF10-6DFB-4E63-8EA6-C1DDE132F52F}.Debug|Any CPU.ActiveCfg = Debug|Any CPU
		{1DEECF10-6DFB-4E63-8EA6-C1DDE132F52F}.Debug|Any CPU.Build.0 = Debug|Any CPU
		{1DEECF10-6DFB-4E63-8EA6-C1DDE132F52F}.Release|Any CPU.ActiveCfg = Release|Any CPU
		{1DEECF10-6DFB-4E63-8EA6-C1DDE132F52F}.Release|Any CPU.Build.0 = Release|Any CPU
		{7FA4EBE8-6958-4822-BAFC-C8B7DA11D986}.Debug|Any CPU.ActiveCfg = Debug|Any CPU
		{7FA4EBE8-6958-4822-BAFC-C8B7DA11D986}.Debug|Any CPU.Build.0 = Debug|Any CPU
		{7FA4EBE8-6958-4822-BAFC-C8B7DA11D986}.Release|Any CPU.ActiveCfg = Release|Any CPU
		{7FA4EBE8-6958-4822-BAFC-C8B7DA11D986}.Release|Any CPU.Build.0 = Release|Any CPU
		{35156AF9-D4F4-4D7B-9A24-E69C2246906C}.Debug|Any CPU.ActiveCfg = Debug|Any CPU
		{35156AF9-D4F4-4D7B-9A24-E69C2246906C}.Debug|Any CPU.Build.0 = Debug|Any CPU
		{35156AF9-D4F4-4D7B-9A24-E69C2246906C}.Release|Any CPU.ActiveCfg = Release|Any CPU
		{35156AF9-D4F4-4D7B-9A24-E69C2246906C}.Release|Any CPU.Build.0 = Release|Any CPU
		{7F72C7A7-BB49-457E-A4E2-C7A0C10C506C}.Debug|Any CPU.ActiveCfg = Debug|Any CPU
		{7F72C7A7-BB49-457E-A4E2-C7A0C10C506C}.Debug|Any CPU.Build.0 = Debug|Any CPU
		{7F72C7A7-BB49-457E-A4E2-C7A0C10C506C}.Release|Any CPU.ActiveCfg = Release|Any CPU
		{7F72C7A7-BB49-457E-A4E2-C7A0C10C506C}.Release|Any CPU.Build.0 = Release|Any CPU
		{5F048129-D25B-4F10-81F0-89E71BD75EAC}.Debug|Any CPU.ActiveCfg = Debug|Any CPU
		{5F048129-D25B-4F10-81F0-89E71BD75EAC}.Debug|Any CPU.Build.0 = Debug|Any CPU
		{5F048129-D25B-4F10-81F0-89E71BD75EAC}.Release|Any CPU.ActiveCfg = Release|Any CPU
		{5F048129-D25B-4F10-81F0-89E71BD75EAC}.Release|Any CPU.Build.0 = Release|Any CPU
	EndGlobalSection
	GlobalSection(SolutionProperties) = preSolution
		HideSolutionNode = FALSE
	EndGlobalSection
	GlobalSection(ExtensibilityGlobals) = postSolution
		SolutionGuid = {2A610C88-D354-46A0-A07E-3B23F14D28C4}
	EndGlobalSection
EndGlobal
